# This file is automatically @generated by Cargo.
# It is not intended for manual editing.
version = 3

[[package]]
name = "anyhow"
version = "1.0.75"
source = "registry+https://github.com/rust-lang/crates.io-index"
checksum = "a4668cab20f66d8d020e1fbc0ebe47217433c1b6c8f2040faf858554e394ace6"

[[package]]
name = "aoc2023"
version = "0.1.0"
dependencies = [
 "copy_to_output",
]

[[package]]
name = "copy_to_output"
version = "2.1.0"
source = "registry+https://github.com/rust-lang/crates.io-index"
checksum = "d2f29b680446bc6e801b0a84d8cb56ddd550e2676a1533bfcea6c04be2947961"
dependencies = [
 "anyhow",
 "fs_extra",
]

[[package]]
name = "fs_extra"
version = "1.3.0"
source = "registry+https://github.com/rust-lang/crates.io-index"
checksum = "42703706b716c37f96a77aea830392ad231f44c9e9a67872fa5548707e11b11c"
